
Microsoft Visual Studio Solution File, Format Version 12.00
# Visual Studio Version 16
VisualStudioVersion = 16.0.32106.194
MinimumVisualStudioVersion = 10.0.40219.1
Project("{9A19103F-16F7-4668-BE54-9A1E7A4F7556}") = "T01SquareRoot", "ExceptionsAndErrorHandling - Lab\T01SquareRoot.csproj", "{5590BB65-4B46-4CD7-941D-B773C25ADBD0}"
EndProject
Project("{9A19103F-16F7-4668-BE54-9A1E7A4F7556}") = "T02EnterNumbers", "T02EnterNumbers\T02EnterNumbers.csproj", "{6FA8FCB1-0DB8-4E86-ADF4-022133AB22DC}"
EndProject
Project("{9A19103F-16F7-4668-BE54-9A1E7A4F7556}") = "T02EnterNumbersVer2", "T02EnterNumbersVer2\T02EnterNumbersVer2.csproj", "{A1D1A152-8BEB-4FA0-8D5D-A943E3F70571}"
EndProject
Project("{9A19103F-16F7-4668-BE54-9A1E7A4F7556}") = "T03Cards", "T03Cards\T03Cards.csproj", "{084E8EE0-DAAA-4ABC-B168-8870FC864D6A}"
EndProject
Project("{FAE04EC0-301F-11D3-BF4B-00C04F79EFBC}") = "T04SumOfIntegers", "T04SumOfIntegers\T04SumOfIntegers.csproj", "{B19F6A20-543B-44BC-AF10-CF5D1F6929D0}"
EndProject
Project("{FAE04EC0-301F-11D3-BF4B-00C04F79EFBC}") = "T05PlayCatch", "T05PlayCatch\T05PlayCatch.csproj", "{2BBC5C0C-35DC-422D-95CE-E810D61D7BA2}"
EndProject
Project("{FAE04EC0-301F-11D3-BF4B-00C04F79EFBC}") = "T06MoneyTransactions", "T06MoneyTransactions\T06MoneyTransactions.csproj", "{DF72720C-D996-4CC7-9818-DCC2448123ED}"
EndProject
Global
	GlobalSection(SolutionConfigurationPlatforms) = preSolution
		Debug|Any CPU = Debug|Any CPU
		Release|Any CPU = Release|Any CPU
	EndGlobalSection
	GlobalSection(ProjectConfigurationPlatforms) = postSolution
		{5590BB65-4B46-4CD7-941D-B773C25ADBD0}.Debug|Any CPU.ActiveCfg = Debug|Any CPU
		{5590BB65-4B46-4CD7-941D-B773C25ADBD0}.Debug|Any CPU.Build.0 = Debug|Any CPU
		{5590BB65-4B46-4CD7-941D-B773C25ADBD0}.Release|Any CPU.ActiveCfg = Release|Any CPU
		{5590BB65-4B46-4CD7-941D-B773C25ADBD0}.Release|Any CPU.Build.0 = Release|Any CPU
		{6FA8FCB1-0DB8-4E86-ADF4-022133AB22DC}.Debug|Any CPU.ActiveCfg = Debug|Any CPU
		{6FA8FCB1-0DB8-4E86-ADF4-022133AB22DC}.Debug|Any CPU.Build.0 = Debug|Any CPU
		{6FA8FCB1-0DB8-4E86-ADF4-022133AB22DC}.Release|Any CPU.ActiveCfg = Release|Any CPU
		{6FA8FCB1-0DB8-4E86-ADF4-022133AB22DC}.Release|Any CPU.Build.0 = Release|Any CPU
		{A1D1A152-8BEB-4FA0-8D5D-A943E3F70571}.Debug|Any CPU.ActiveCfg = Debug|Any CPU
		{A1D1A152-8BEB-4FA0-8D5D-A943E3F70571}.Debug|Any CPU.Build.0 = Debug|Any CPU
		{A1D1A152-8BEB-4FA0-8D5D-A943E3F70571}.Release|Any CPU.ActiveCfg = Release|Any CPU
		{A1D1A152-8BEB-4FA0-8D5D-A943E3F70571}.Release|Any CPU.Build.0 = Release|Any CPU
		{084E8EE0-DAAA-4ABC-B168-8870FC864D6A}.Debug|Any CPU.ActiveCfg = Debug|Any CPU
		{084E8EE0-DAAA-4ABC-B168-8870FC864D6A}.Debug|Any CPU.Build.0 = Debug|Any CPU
		{084E8EE0-DAAA-4ABC-B168-8870FC864D6A}.Release|Any CPU.ActiveCfg = Release|Any CPU
		{084E8EE0-DAAA-4ABC-B168-8870FC864D6A}.Release|Any CPU.Build.0 = Release|Any CPU
		{B19F6A20-543B-44BC-AF10-CF5D1F6929D0}.Debug|Any CPU.ActiveCfg = Debug|Any CPU
		{B19F6A20-543B-44BC-AF10-CF5D1F6929D0}.Debug|Any CPU.Build.0 = Debug|Any CPU
		{B19F6A20-543B-44BC-AF10-CF5D1F6929D0}.Release|Any CPU.ActiveCfg = Release|Any CPU
		{B19F6A20-543B-44BC-AF10-CF5D1F6929D0}.Release|Any CPU.Build.0 = Release|Any CPU
		{2BBC5C0C-35DC-422D-95CE-E810D61D7BA2}.Debug|Any CPU.ActiveCfg = Debug|Any CPU
		{2BBC5C0C-35DC-422D-95CE-E810D61D7BA2}.Debug|Any CPU.Build.0 = Debug|Any CPU
		{2BBC5C0C-35DC-422D-95CE-E810D61D7BA2}.Release|Any CPU.ActiveCfg = Release|Any CPU
		{2BBC5C0C-35DC-422D-95CE-E810D61D7BA2}.Release|Any CPU.Build.0 = Release|Any CPU
		{DF72720C-D996-4CC7-9818-DCC2448123ED}.Debug|Any CPU.ActiveCfg = Debug|Any CPU
		{DF72720C-D996-4CC7-9818-DCC2448123ED}.Debug|Any CPU.Build.0 = Debug|Any CPU
		{DF72720C-D996-4CC7-9818-DCC2448123ED}.Release|Any CPU.ActiveCfg = Release|Any CPU
		{DF72720C-D996-4CC7-9818-DCC2448123ED}.Release|Any CPU.Build.0 = Release|Any CPU
	EndGlobalSection
	GlobalSection(SolutionProperties) = preSolution
		HideSolutionNode = FALSE
	EndGlobalSection
	GlobalSection(ExtensibilityGlobals) = postSolution
		SolutionGuid = {62DDDCC2-A543-464F-B9D1-AA5301988B38}
	EndGlobalSection
EndGlobal
