
Microsoft Visual Studio Solution File, Format Version 12.00
# Visual Studio Version 16
VisualStudioVersion = 16.0.32106.194
MinimumVisualStudioVersion = 10.0.40219.1
Project("{9A19103F-16F7-4668-BE54-9A1E7A4F7556}") = "ChainBlock", "MockingAndTDD - Exercise\ChainBlock.csproj", "{FF017417-E6F0-411B-9DD1-0B54451C5103}"
EndProject
Project("{FAE04EC0-301F-11D3-BF4B-00C04F79EFBC}") = "Chainblock.Test", "Chainblock.Test\Chainblock.Test.csproj", "{52CE8C2B-1557-4D2D-B228-F1C5696E5332}"
EndProject
Global
	GlobalSection(SolutionConfigurationPlatforms) = preSolution
		Debug|Any CPU = Debug|Any CPU
		Release|Any CPU = Release|Any CPU
	EndGlobalSection
	GlobalSection(ProjectConfigurationPlatforms) = postSolution
		{FF017417-E6F0-411B-9DD1-0B54451C5103}.Debug|Any CPU.ActiveCfg = Debug|Any CPU
		{FF017417-E6F0-411B-9DD1-0B54451C5103}.Debug|Any CPU.Build.0 = Debug|Any CPU
		{FF017417-E6F0-411B-9DD1-0B54451C5103}.Release|Any CPU.ActiveCfg = Release|Any CPU
		{FF017417-E6F0-411B-9DD1-0B54451C5103}.Release|Any CPU.Build.0 = Release|Any CPU
		{52CE8C2B-1557-4D2D-B228-F1C5696E5332}.Debug|Any CPU.ActiveCfg = Debug|Any CPU
		{52CE8C2B-1557-4D2D-B228-F1C5696E5332}.Debug|Any CPU.Build.0 = Debug|Any CPU
		{52CE8C2B-1557-4D2D-B228-F1C5696E5332}.Release|Any CPU.ActiveCfg = Release|Any CPU
		{52CE8C2B-1557-4D2D-B228-F1C5696E5332}.Release|Any CPU.Build.0 = Release|Any CPU
	EndGlobalSection
	GlobalSection(SolutionProperties) = preSolution
		HideSolutionNode = FALSE
	EndGlobalSection
	GlobalSection(ExtensibilityGlobals) = postSolution
		SolutionGuid = {481819B0-C174-46CC-BC31-56EEFD0E4935}
	EndGlobalSection
EndGlobal
