
Microsoft Visual Studio Solution File, Format Version 12.00
# Visual Studio Version 16
VisualStudioVersion = 16.0.32106.194
MinimumVisualStudioVersion = 10.0.40219.1
Project("{9A19103F-16F7-4668-BE54-9A1E7A4F7556}") = "T01Persons", "T01Persons\T01Persons.csproj", "{B13B3F5C-9C95-4DC1-96A4-581EFB2E5687}"
EndProject
Project("{9A19103F-16F7-4668-BE54-9A1E7A4F7556}") = "T02Salary", "T02Salary\T02Salary.csproj", "{F1C26711-AB24-4D53-A229-CC53E6E4C88A}"
EndProject
Project("{9A19103F-16F7-4668-BE54-9A1E7A4F7556}") = "T03Validation", "T03Validation\T03Validation.csproj", "{E2CC4C1D-1B84-4E2C-A519-71BB58773895}"
EndProject
Project("{9A19103F-16F7-4668-BE54-9A1E7A4F7556}") = "T04Team", "T04Team\T04Team.csproj", "{42A77FE4-3D5D-43FF-B529-9C7A55E5AF73}"
EndProject
Global
	GlobalSection(SolutionConfigurationPlatforms) = preSolution
		Debug|Any CPU = Debug|Any CPU
		Release|Any CPU = Release|Any CPU
	EndGlobalSection
	GlobalSection(ProjectConfigurationPlatforms) = postSolution
		{B13B3F5C-9C95-4DC1-96A4-581EFB2E5687}.Debug|Any CPU.ActiveCfg = Debug|Any CPU
		{B13B3F5C-9C95-4DC1-96A4-581EFB2E5687}.Debug|Any CPU.Build.0 = Debug|Any CPU
		{B13B3F5C-9C95-4DC1-96A4-581EFB2E5687}.Release|Any CPU.ActiveCfg = Release|Any CPU
		{B13B3F5C-9C95-4DC1-96A4-581EFB2E5687}.Release|Any CPU.Build.0 = Release|Any CPU
		{F1C26711-AB24-4D53-A229-CC53E6E4C88A}.Debug|Any CPU.ActiveCfg = Debug|Any CPU
		{F1C26711-AB24-4D53-A229-CC53E6E4C88A}.Debug|Any CPU.Build.0 = Debug|Any CPU
		{F1C26711-AB24-4D53-A229-CC53E6E4C88A}.Release|Any CPU.ActiveCfg = Release|Any CPU
		{F1C26711-AB24-4D53-A229-CC53E6E4C88A}.Release|Any CPU.Build.0 = Release|Any CPU
		{E2CC4C1D-1B84-4E2C-A519-71BB58773895}.Debug|Any CPU.ActiveCfg = Debug|Any CPU
		{E2CC4C1D-1B84-4E2C-A519-71BB58773895}.Debug|Any CPU.Build.0 = Debug|Any CPU
		{E2CC4C1D-1B84-4E2C-A519-71BB58773895}.Release|Any CPU.ActiveCfg = Release|Any CPU
		{E2CC4C1D-1B84-4E2C-A519-71BB58773895}.Release|Any CPU.Build.0 = Release|Any CPU
		{42A77FE4-3D5D-43FF-B529-9C7A55E5AF73}.Debug|Any CPU.ActiveCfg = Debug|Any CPU
		{42A77FE4-3D5D-43FF-B529-9C7A55E5AF73}.Debug|Any CPU.Build.0 = Debug|Any CPU
		{42A77FE4-3D5D-43FF-B529-9C7A55E5AF73}.Release|Any CPU.ActiveCfg = Release|Any CPU
		{42A77FE4-3D5D-43FF-B529-9C7A55E5AF73}.Release|Any CPU.Build.0 = Release|Any CPU
	EndGlobalSection
	GlobalSection(SolutionProperties) = preSolution
		HideSolutionNode = FALSE
	EndGlobalSection
	GlobalSection(ExtensibilityGlobals) = postSolution
		SolutionGuid = {B8E5DACF-9E6A-4FF9-B894-7F755FE76AC3}
	EndGlobalSection
EndGlobal
