
Microsoft Visual Studio Solution File, Format Version 12.00
# Visual Studio Version 16
VisualStudioVersion = 16.0.32106.194
MinimumVisualStudioVersion = 10.0.40219.1
Project("{9A19103F-16F7-4668-BE54-9A1E7A4F7556}") = "T01ClassBoxData", "Encapsulation - Exercise\T01ClassBoxData.csproj", "{0BD013E6-6B4A-476C-9377-8C9CE7303447}"
EndProject
Project("{9A19103F-16F7-4668-BE54-9A1E7A4F7556}") = "T02AnimalFarm", "T02AnimalFarm\T02AnimalFarm.csproj", "{355F3ACE-DBBD-43FA-B556-3398A3F5299A}"
EndProject
Project("{9A19103F-16F7-4668-BE54-9A1E7A4F7556}") = "T03ShoppingSpree", "T03ShoppingSpree\T03ShoppingSpree.csproj", "{1959642A-4204-4566-9700-63CC7C8A6A76}"
EndProject
Project("{9A19103F-16F7-4668-BE54-9A1E7A4F7556}") = "T04PizzaCalories", "T04PizzaCalories\T04PizzaCalories.csproj", "{F4D88269-BB82-4167-B6F7-67688F515553}"
EndProject
Project("{FAE04EC0-301F-11D3-BF4B-00C04F79EFBC}") = "T05FootballTeamGenerator", "T05FootballTeamGenerator\T05FootballTeamGenerator.csproj", "{1FFF73AC-9D04-43E3-B523-B5801197430B}"
EndProject
Global
	GlobalSection(SolutionConfigurationPlatforms) = preSolution
		Debug|Any CPU = Debug|Any CPU
		Release|Any CPU = Release|Any CPU
	EndGlobalSection
	GlobalSection(ProjectConfigurationPlatforms) = postSolution
		{0BD013E6-6B4A-476C-9377-8C9CE7303447}.Debug|Any CPU.ActiveCfg = Debug|Any CPU
		{0BD013E6-6B4A-476C-9377-8C9CE7303447}.Debug|Any CPU.Build.0 = Debug|Any CPU
		{0BD013E6-6B4A-476C-9377-8C9CE7303447}.Release|Any CPU.ActiveCfg = Release|Any CPU
		{0BD013E6-6B4A-476C-9377-8C9CE7303447}.Release|Any CPU.Build.0 = Release|Any CPU
		{355F3ACE-DBBD-43FA-B556-3398A3F5299A}.Debug|Any CPU.ActiveCfg = Debug|Any CPU
		{355F3ACE-DBBD-43FA-B556-3398A3F5299A}.Debug|Any CPU.Build.0 = Debug|Any CPU
		{355F3ACE-DBBD-43FA-B556-3398A3F5299A}.Release|Any CPU.ActiveCfg = Release|Any CPU
		{355F3ACE-DBBD-43FA-B556-3398A3F5299A}.Release|Any CPU.Build.0 = Release|Any CPU
		{1959642A-4204-4566-9700-63CC7C8A6A76}.Debug|Any CPU.ActiveCfg = Debug|Any CPU
		{1959642A-4204-4566-9700-63CC7C8A6A76}.Debug|Any CPU.Build.0 = Debug|Any CPU
		{1959642A-4204-4566-9700-63CC7C8A6A76}.Release|Any CPU.ActiveCfg = Release|Any CPU
		{1959642A-4204-4566-9700-63CC7C8A6A76}.Release|Any CPU.Build.0 = Release|Any CPU
		{F4D88269-BB82-4167-B6F7-67688F515553}.Debug|Any CPU.ActiveCfg = Debug|Any CPU
		{F4D88269-BB82-4167-B6F7-67688F515553}.Debug|Any CPU.Build.0 = Debug|Any CPU
		{F4D88269-BB82-4167-B6F7-67688F515553}.Release|Any CPU.ActiveCfg = Release|Any CPU
		{F4D88269-BB82-4167-B6F7-67688F515553}.Release|Any CPU.Build.0 = Release|Any CPU
		{1FFF73AC-9D04-43E3-B523-B5801197430B}.Debug|Any CPU.ActiveCfg = Debug|Any CPU
		{1FFF73AC-9D04-43E3-B523-B5801197430B}.Debug|Any CPU.Build.0 = Debug|Any CPU
		{1FFF73AC-9D04-43E3-B523-B5801197430B}.Release|Any CPU.ActiveCfg = Release|Any CPU
		{1FFF73AC-9D04-43E3-B523-B5801197430B}.Release|Any CPU.Build.0 = Release|Any CPU
	EndGlobalSection
	GlobalSection(SolutionProperties) = preSolution
		HideSolutionNode = FALSE
	EndGlobalSection
	GlobalSection(ExtensibilityGlobals) = postSolution
		SolutionGuid = {BD7A615A-FADD-4313-A354-44B10FF21A0D}
	EndGlobalSection
EndGlobal
