
Microsoft Visual Studio Solution File, Format Version 12.00
# Visual Studio Version 16
VisualStudioVersion = 16.0.32106.194
MinimumVisualStudioVersion = 10.0.40219.1
Project("{9A19103F-16F7-4668-BE54-9A1E7A4F7556}") = "T01Database", "UnitTesting - Exercise\T01Database.csproj", "{7ED4B68D-1D58-49E4-ABBA-CC9906E47701}"
EndProject
Project("{9A19103F-16F7-4668-BE54-9A1E7A4F7556}") = "Database.Test", "Database.Test\Database.Test.csproj", "{A7FE590F-37D4-4F75-B31F-D8A03C89D387}"
EndProject
Project("{9A19103F-16F7-4668-BE54-9A1E7A4F7556}") = "T02ExtendedDatabase", "T02ExtendedDatabase\T02ExtendedDatabase.csproj", "{AB6D5AFE-EC5D-4549-B930-0E26F0843B2D}"
EndProject
Project("{9A19103F-16F7-4668-BE54-9A1E7A4F7556}") = "ExtendedDatabase.Test", "ExtendedDatabase.Test\ExtendedDatabase.Test.csproj", "{60880719-B289-46F1-8ABA-37F6A09F80B4}"
EndProject
Project("{9A19103F-16F7-4668-BE54-9A1E7A4F7556}") = "T03CarManager", "T03CarManager\T03CarManager.csproj", "{895D9310-8099-4E38-BDE3-33DCD492C3F5}"
EndProject
Project("{9A19103F-16F7-4668-BE54-9A1E7A4F7556}") = "CarManager.Test", "CarManager.Test\CarManager.Test.csproj", "{C7727970-A095-4FBC-A604-F7AC26290785}"
EndProject
Project("{FAE04EC0-301F-11D3-BF4B-00C04F79EFBC}") = "T04FightingArena", "T04FightingArena\T04FightingArena.csproj", "{AEBFF06D-E6FD-49BF-99A3-5A4BF0860D6A}"
EndProject
Project("{FAE04EC0-301F-11D3-BF4B-00C04F79EFBC}") = "FightingArena.Test", "FightingArena.Test\FightingArena.Test.csproj", "{E2BA7049-C40C-433E-89C2-CF2D0972F0D8}"
EndProject
Global
	GlobalSection(SolutionConfigurationPlatforms) = preSolution
		Debug|Any CPU = Debug|Any CPU
		Release|Any CPU = Release|Any CPU
	EndGlobalSection
	GlobalSection(ProjectConfigurationPlatforms) = postSolution
		{7ED4B68D-1D58-49E4-ABBA-CC9906E47701}.Debug|Any CPU.ActiveCfg = Debug|Any CPU
		{7ED4B68D-1D58-49E4-ABBA-CC9906E47701}.Debug|Any CPU.Build.0 = Debug|Any CPU
		{7ED4B68D-1D58-49E4-ABBA-CC9906E47701}.Release|Any CPU.ActiveCfg = Release|Any CPU
		{7ED4B68D-1D58-49E4-ABBA-CC9906E47701}.Release|Any CPU.Build.0 = Release|Any CPU
		{A7FE590F-37D4-4F75-B31F-D8A03C89D387}.Debug|Any CPU.ActiveCfg = Debug|Any CPU
		{A7FE590F-37D4-4F75-B31F-D8A03C89D387}.Debug|Any CPU.Build.0 = Debug|Any CPU
		{A7FE590F-37D4-4F75-B31F-D8A03C89D387}.Release|Any CPU.ActiveCfg = Release|Any CPU
		{A7FE590F-37D4-4F75-B31F-D8A03C89D387}.Release|Any CPU.Build.0 = Release|Any CPU
		{AB6D5AFE-EC5D-4549-B930-0E26F0843B2D}.Debug|Any CPU.ActiveCfg = Debug|Any CPU
		{AB6D5AFE-EC5D-4549-B930-0E26F0843B2D}.Debug|Any CPU.Build.0 = Debug|Any CPU
		{AB6D5AFE-EC5D-4549-B930-0E26F0843B2D}.Release|Any CPU.ActiveCfg = Release|Any CPU
		{AB6D5AFE-EC5D-4549-B930-0E26F0843B2D}.Release|Any CPU.Build.0 = Release|Any CPU
		{60880719-B289-46F1-8ABA-37F6A09F80B4}.Debug|Any CPU.ActiveCfg = Debug|Any CPU
		{60880719-B289-46F1-8ABA-37F6A09F80B4}.Debug|Any CPU.Build.0 = Debug|Any CPU
		{60880719-B289-46F1-8ABA-37F6A09F80B4}.Release|Any CPU.ActiveCfg = Release|Any CPU
		{60880719-B289-46F1-8ABA-37F6A09F80B4}.Release|Any CPU.Build.0 = Release|Any CPU
		{895D9310-8099-4E38-BDE3-33DCD492C3F5}.Debug|Any CPU.ActiveCfg = Debug|Any CPU
		{895D9310-8099-4E38-BDE3-33DCD492C3F5}.Debug|Any CPU.Build.0 = Debug|Any CPU
		{895D9310-8099-4E38-BDE3-33DCD492C3F5}.Release|Any CPU.ActiveCfg = Release|Any CPU
		{895D9310-8099-4E38-BDE3-33DCD492C3F5}.Release|Any CPU.Build.0 = Release|Any CPU
		{C7727970-A095-4FBC-A604-F7AC26290785}.Debug|Any CPU.ActiveCfg = Debug|Any CPU
		{C7727970-A095-4FBC-A604-F7AC26290785}.Debug|Any CPU.Build.0 = Debug|Any CPU
		{C7727970-A095-4FBC-A604-F7AC26290785}.Release|Any CPU.ActiveCfg = Release|Any CPU
		{C7727970-A095-4FBC-A604-F7AC26290785}.Release|Any CPU.Build.0 = Release|Any CPU
		{AEBFF06D-E6FD-49BF-99A3-5A4BF0860D6A}.Debug|Any CPU.ActiveCfg = Debug|Any CPU
		{AEBFF06D-E6FD-49BF-99A3-5A4BF0860D6A}.Debug|Any CPU.Build.0 = Debug|Any CPU
		{AEBFF06D-E6FD-49BF-99A3-5A4BF0860D6A}.Release|Any CPU.ActiveCfg = Release|Any CPU
		{AEBFF06D-E6FD-49BF-99A3-5A4BF0860D6A}.Release|Any CPU.Build.0 = Release|Any CPU
		{E2BA7049-C40C-433E-89C2-CF2D0972F0D8}.Debug|Any CPU.ActiveCfg = Debug|Any CPU
		{E2BA7049-C40C-433E-89C2-CF2D0972F0D8}.Debug|Any CPU.Build.0 = Debug|Any CPU
		{E2BA7049-C40C-433E-89C2-CF2D0972F0D8}.Release|Any CPU.ActiveCfg = Release|Any CPU
		{E2BA7049-C40C-433E-89C2-CF2D0972F0D8}.Release|Any CPU.Build.0 = Release|Any CPU
	EndGlobalSection
	GlobalSection(SolutionProperties) = preSolution
		HideSolutionNode = FALSE
	EndGlobalSection
	GlobalSection(ExtensibilityGlobals) = postSolution
		SolutionGuid = {32C8031C-8682-4A26-88ED-D89204DD95C5}
	EndGlobalSection
EndGlobal
