
Microsoft Visual Studio Solution File, Format Version 12.00
# Visual Studio Version 16
VisualStudioVersion = 16.0.32106.194
MinimumVisualStudioVersion = 10.0.40219.1
Project("{9A19103F-16F7-4668-BE54-9A1E7A4F7556}") = "Bakery", "ExamPreparation\Bakery.csproj", "{50368EAF-A264-48EC-8FE6-8780B6C7ECDD}"
EndProject
Project("{FAE04EC0-301F-11D3-BF4B-00C04F79EFBC}") = "BankSafe", "BankSafe\BankSafe.csproj", "{C41CC85B-0A52-479D-9334-9C9BD4A1E12B}"
EndProject
Project("{FAE04EC0-301F-11D3-BF4B-00C04F79EFBC}") = "BankSafe.Tests", "BankSafe.Tests\BankSafe.Tests.csproj", "{DD77EB3E-0861-4A16-8E2C-21DA1EBC8624}"
EndProject
Project("{FAE04EC0-301F-11D3-BF4B-00C04F79EFBC}") = "NavalVessels", "NavalVessels\NavalVessels.csproj", "{46406DBA-2A5C-43DA-8D98-F41E650A01F3}"
EndProject
Project("{FAE04EC0-301F-11D3-BF4B-00C04F79EFBC}") = "Book", "Book\Book.csproj", "{4CBDC773-FFE9-43A6-979E-6651D9B87B91}"
EndProject
Project("{FAE04EC0-301F-11D3-BF4B-00C04F79EFBC}") = "Book.Tests", "Book.Tests\Book.Tests.csproj", "{BBDB5379-C290-43E1-ABBB-81B978B2359B}"
EndProject
Project("{FAE04EC0-301F-11D3-BF4B-00C04F79EFBC}") = "Gym", "Gym\Gym.csproj", "{C64EEDCC-A259-436D-BE8A-F4C20008FCE8}"
EndProject
Project("{FAE04EC0-301F-11D3-BF4B-00C04F79EFBC}") = "Gyms", "Gyms\Gyms.csproj", "{08A91FAF-23EA-4EC1-9041-415F3E3BC923}"
EndProject
Project("{FAE04EC0-301F-11D3-BF4B-00C04F79EFBC}") = "Gyms.Tests", "Gyms.Tests\Gyms.Tests.csproj", "{39B4AFB7-5540-4390-93F8-48755ED3AC45}"
EndProject
Global
	GlobalSection(SolutionConfigurationPlatforms) = preSolution
		Debug|Any CPU = Debug|Any CPU
		Release|Any CPU = Release|Any CPU
	EndGlobalSection
	GlobalSection(ProjectConfigurationPlatforms) = postSolution
		{50368EAF-A264-48EC-8FE6-8780B6C7ECDD}.Debug|Any CPU.ActiveCfg = Debug|Any CPU
		{50368EAF-A264-48EC-8FE6-8780B6C7ECDD}.Debug|Any CPU.Build.0 = Debug|Any CPU
		{50368EAF-A264-48EC-8FE6-8780B6C7ECDD}.Release|Any CPU.ActiveCfg = Release|Any CPU
		{50368EAF-A264-48EC-8FE6-8780B6C7ECDD}.Release|Any CPU.Build.0 = Release|Any CPU
		{C41CC85B-0A52-479D-9334-9C9BD4A1E12B}.Debug|Any CPU.ActiveCfg = Debug|Any CPU
		{C41CC85B-0A52-479D-9334-9C9BD4A1E12B}.Debug|Any CPU.Build.0 = Debug|Any CPU
		{C41CC85B-0A52-479D-9334-9C9BD4A1E12B}.Release|Any CPU.ActiveCfg = Release|Any CPU
		{C41CC85B-0A52-479D-9334-9C9BD4A1E12B}.Release|Any CPU.Build.0 = Release|Any CPU
		{DD77EB3E-0861-4A16-8E2C-21DA1EBC8624}.Debug|Any CPU.ActiveCfg = Debug|Any CPU
		{DD77EB3E-0861-4A16-8E2C-21DA1EBC8624}.Debug|Any CPU.Build.0 = Debug|Any CPU
		{DD77EB3E-0861-4A16-8E2C-21DA1EBC8624}.Release|Any CPU.ActiveCfg = Release|Any CPU
		{DD77EB3E-0861-4A16-8E2C-21DA1EBC8624}.Release|Any CPU.Build.0 = Release|Any CPU
		{46406DBA-2A5C-43DA-8D98-F41E650A01F3}.Debug|Any CPU.ActiveCfg = Debug|Any CPU
		{46406DBA-2A5C-43DA-8D98-F41E650A01F3}.Debug|Any CPU.Build.0 = Debug|Any CPU
		{46406DBA-2A5C-43DA-8D98-F41E650A01F3}.Release|Any CPU.ActiveCfg = Release|Any CPU
		{46406DBA-2A5C-43DA-8D98-F41E650A01F3}.Release|Any CPU.Build.0 = Release|Any CPU
		{4CBDC773-FFE9-43A6-979E-6651D9B87B91}.Debug|Any CPU.ActiveCfg = Debug|Any CPU
		{4CBDC773-FFE9-43A6-979E-6651D9B87B91}.Debug|Any CPU.Build.0 = Debug|Any CPU
		{4CBDC773-FFE9-43A6-979E-6651D9B87B91}.Release|Any CPU.ActiveCfg = Release|Any CPU
		{4CBDC773-FFE9-43A6-979E-6651D9B87B91}.Release|Any CPU.Build.0 = Release|Any CPU
		{BBDB5379-C290-43E1-ABBB-81B978B2359B}.Debug|Any CPU.ActiveCfg = Debug|Any CPU
		{BBDB5379-C290-43E1-ABBB-81B978B2359B}.Debug|Any CPU.Build.0 = Debug|Any CPU
		{BBDB5379-C290-43E1-ABBB-81B978B2359B}.Release|Any CPU.ActiveCfg = Release|Any CPU
		{BBDB5379-C290-43E1-ABBB-81B978B2359B}.Release|Any CPU.Build.0 = Release|Any CPU
		{C64EEDCC-A259-436D-BE8A-F4C20008FCE8}.Debug|Any CPU.ActiveCfg = Debug|Any CPU
		{C64EEDCC-A259-436D-BE8A-F4C20008FCE8}.Debug|Any CPU.Build.0 = Debug|Any CPU
		{C64EEDCC-A259-436D-BE8A-F4C20008FCE8}.Release|Any CPU.ActiveCfg = Release|Any CPU
		{C64EEDCC-A259-436D-BE8A-F4C20008FCE8}.Release|Any CPU.Build.0 = Release|Any CPU
		{08A91FAF-23EA-4EC1-9041-415F3E3BC923}.Debug|Any CPU.ActiveCfg = Debug|Any CPU
		{08A91FAF-23EA-4EC1-9041-415F3E3BC923}.Debug|Any CPU.Build.0 = Debug|Any CPU
		{08A91FAF-23EA-4EC1-9041-415F3E3BC923}.Release|Any CPU.ActiveCfg = Release|Any CPU
		{08A91FAF-23EA-4EC1-9041-415F3E3BC923}.Release|Any CPU.Build.0 = Release|Any CPU
		{39B4AFB7-5540-4390-93F8-48755ED3AC45}.Debug|Any CPU.ActiveCfg = Debug|Any CPU
		{39B4AFB7-5540-4390-93F8-48755ED3AC45}.Debug|Any CPU.Build.0 = Debug|Any CPU
		{39B4AFB7-5540-4390-93F8-48755ED3AC45}.Release|Any CPU.ActiveCfg = Release|Any CPU
		{39B4AFB7-5540-4390-93F8-48755ED3AC45}.Release|Any CPU.Build.0 = Release|Any CPU
	EndGlobalSection
	GlobalSection(SolutionProperties) = preSolution
		HideSolutionNode = FALSE
	EndGlobalSection
	GlobalSection(ExtensibilityGlobals) = postSolution
		SolutionGuid = {83161FC0-D19F-49C9-8EB4-C2D5A5C250FB}
	EndGlobalSection
EndGlobal
